<Solution>
  <Folder Name="/src/">
    <Project Path="src/AcuLume.Cli/AcuLume.Cli.csproj" />
    <Project Path="src/AcuLume.Core/AcuLume.Core.csproj" />
  </Folder>
  <Folder Name="/tests/">
    <Project Path="tests/AcuLume.Cli.Tests/AcuLume.Cli.Tests.csproj" />
    <Project Path="tests/AcuLume.Core.Tests/AcuLume.Core.Tests.csproj" />
  </Folder>
</Solution>
